Microsoft Visual Studio Solution File, Format Version 12.00
# Visual Studio Version 17
VisualStudioVersion = 17.5.2.0
MinimumVisualStudioVersion = 10.0.40219.1
Project("{FAE04EC0-301F-11D3-BF4B-00C04F79EFBC}") = "GFLauncher", "GFLauncher.csproj", "{B6E10956-F47C-9158-304F-2A60F6FC330C}"
EndProject
Global
	GlobalSection(SolutionConfigurationPlatforms) = preSolution
		Debug|Any CPU = Debug|Any CPU
		Release|Any CPU = Release|Any CPU
	EndGlobalSection
	GlobalSection(ProjectConfigurationPlatforms) = postSolution
		{B6E10956-F47C-9158-304F-2A60F6FC330C}.Debug|Any CPU.ActiveCfg = Debug|Any CPU
		{B6E10956-F47C-9158-304F-2A60F6FC330C}.Debug|Any CPU.Build.0 = Debug|Any CPU
		{B6E10956-F47C-9158-304F-2A60F6FC330C}.Release|Any CPU.ActiveCfg = Release|Any CPU
		{B6E10956-F47C-9158-304F-2A60F6FC330C}.Release|Any CPU.Build.0 = Release|Any CPU
	EndGlobalSection
	GlobalSection(SolutionProperties) = preSolution
		HideSolutionNode = FALSE
	EndGlobalSection
	GlobalSection(ExtensibilityGlobals) = postSolution
		SolutionGuid = {1673F039-B38C-4535-B697-7587A9BD6FD1}
	EndGlobalSection
EndGlobal
